{
  "name": "catan",
  "version": "1.0.0",
  "lockfileVersion": 1,
  "requires": true,
  "dependencies": {
    "@types/immutable": {
      "version": "3.8.7",
      "resolved": "https://registry.npmjs.org/@types/immutable/-/immutable-3.8.7.tgz",
      "integrity": "sha1-U20z0w8/PZptRkKiGUGf2Cr2M/s=",
      "requires": {
        "immutable": "*"
      }
    },
    "immutable": {
      "version": "4.0.0-rc.12",
      "resolved": "https://registry.npmjs.org/immutable/-/immutable-4.0.0-rc.12.tgz",
      "integrity": "sha512-0M2XxkZLx/mi3t8NVwIm1g8nHoEmM9p9UBl/G9k4+hm0kBgOVdMV/B3CY5dQ8qG8qc80NN4gDV4HQv6FTJ5q7A=="
    },
    "typescript": {
      "version": "3.9.2",
      "resolved": "https://registry.npmjs.org/typescript/-/typescript-3.9.2.tgz",
      "integrity": "sha512-q2ktq4n/uLuNNShyayit+DTobV2ApPEo/6so68JaD5ojvc/6GClBipedB9zNWYxRSAlZXAe405Rlijzl6qDiSw==",
      "dev": true
    }
  }
}
